# This file is automatically @generated by Cargo.
# It is not intended for manual editing.
version = 3

[[package]]
name = "aya-bpf-cty"
version = "0.2.1"
source = "git+https://github.com/aya-rs/aya.git#6313ddfe0cae7d7581a473a3f942856e3e2e4fc9"

[[package]]
name = "rust-bpf-example"
version = "0.1.0"
dependencies = [
 "aya-bpf-cty",
]
